<?xml version="1.0" encoding="utf-8"?>
<Project ToolsVersion="4.0" xmlns="http://schemas.microsoft.com/developer/msbuild/2003">
  <ItemGroup>
    <ClCompile Include="Cents.cpp" />
    <ClCompile Include="Dollars.cpp" />
    <ClCompile Include="main.cpp" />
    <ClCompile Include="average.cpp" />
    <ClCompile Include="maximum.cpp" />
    <ClCompile Include="maximum-impl.cpp" />
    <ClCompile Include="average-impl.cpp" />
  </ItemGroup>
  <ItemGroup>
    <ClInclude Include="Cents.h" />
    <ClInclude Include="Dollars.h" />
    <ClInclude Include="average.h" />
    <ClInclude Include="maximum.h" />
  </ItemGroup>
  <ItemGroup>
    <None Include=".gitignore" />
  </ItemGroup>
</Project>